
Microsoft Visual Studio Solution File, Format Version 12.00
# Visual Studio 14
VisualStudioVersion = 14.0.24720.0
MinimumVisualStudioVersion = 10.0.40219.1
Project("{FAE04EC0-301F-11D3-BF4B-00C04F79EFBC}") = "ScanReader", "ScanReader\ScanReader.csproj", "{122938F8-652C-43C0-A979-DE8E295FE4EF}"
EndProject
Project("{FAE04EC0-301F-11D3-BF4B-00C04F79EFBC}") = "ScanerAdministrator", "ScanerAdministrator\ScanerAdministrator.csproj", "{D16B03F9-87A1-45C4-8FF6-4E8EEF601ABF}"
EndProject
Project("{2150E333-8FDC-42A3-9474-1A3956D46DE8}") = "Common", "Common", "{F467BFD1-3D6A-49AA-90D0-0DD257E23795}"
EndProject
Project("{FAE04EC0-301F-11D3-BF4B-00C04F79EFBC}") = "FileHelpers", "FileHelpers\FileHelpers.csproj", "{519756AC-A136-4AAC-A6FD-785D56E97CF0}"
EndProject
Global
	GlobalSection(SolutionConfigurationPlatforms) = preSolution
		Debug|Any CPU = Debug|Any CPU
		Release|Any CPU = Release|Any CPU
	EndGlobalSection
	GlobalSection(ProjectConfigurationPlatforms) = postSolution
		{122938F8-652C-43C0-A979-DE8E295FE4EF}.Debug|Any CPU.ActiveCfg = Debug|Any CPU
		{122938F8-652C-43C0-A979-DE8E295FE4EF}.Debug|Any CPU.Build.0 = Debug|Any CPU
		{122938F8-652C-43C0-A979-DE8E295FE4EF}.Release|Any CPU.ActiveCfg = Release|Any CPU
		{122938F8-652C-43C0-A979-DE8E295FE4EF}.Release|Any CPU.Build.0 = Release|Any CPU
		{D16B03F9-87A1-45C4-8FF6-4E8EEF601ABF}.Debug|Any CPU.ActiveCfg = Debug|Any CPU
		{D16B03F9-87A1-45C4-8FF6-4E8EEF601ABF}.Debug|Any CPU.Build.0 = Debug|Any CPU
		{D16B03F9-87A1-45C4-8FF6-4E8EEF601ABF}.Release|Any CPU.ActiveCfg = Release|Any CPU
		{D16B03F9-87A1-45C4-8FF6-4E8EEF601ABF}.Release|Any CPU.Build.0 = Release|Any CPU
		{519756AC-A136-4AAC-A6FD-785D56E97CF0}.Debug|Any CPU.ActiveCfg = Debug|Any CPU
		{519756AC-A136-4AAC-A6FD-785D56E97CF0}.Debug|Any CPU.Build.0 = Debug|Any CPU
		{519756AC-A136-4AAC-A6FD-785D56E97CF0}.Release|Any CPU.ActiveCfg = Release|Any CPU
		{519756AC-A136-4AAC-A6FD-785D56E97CF0}.Release|Any CPU.Build.0 = Release|Any CPU
	EndGlobalSection
	GlobalSection(SolutionProperties) = preSolution
		HideSolutionNode = FALSE
	EndGlobalSection
	GlobalSection(NestedProjects) = preSolution
		{519756AC-A136-4AAC-A6FD-785D56E97CF0} = {F467BFD1-3D6A-49AA-90D0-0DD257E23795}
	EndGlobalSection
EndGlobal
